{
    "_readme": [
        "This file locks the dependencies of your project to a known state",
        "Read more about it at https://getcomposer.org/doc/01-basic-usage.md#installing-dependencies",
        "This file is @generated automatically"
    ],
    "content-hash": "603075e805f59ffaca8a3a7f5bcd14d3",
    "packages": [
        {
            "name": "facebook/php-business-sdk",
            "version": "4.0.4",
            "source": {
                "type": "git",
                "url": "https://github.com/facebook/facebook-php-business-sdk.git",
                "reference": "944f030c6742831302240049db85959c9ee4580a"
            },
            "dist": {
                "type": "zip",
                "url": "https://api.github.com/repos/facebook/facebook-php-business-sdk/zipball/944f030c6742831302240049db85959c9ee4580a",
                "reference": "944f030c6742831302240049db85959c9ee4580a",
                "shasum": ""
            },
            "require-dev": {
                "phpunit/phpunit": "~4.6",
                "symfony/finder": "~2.6"
            },
            "type": "library",
            "autoload": {
                "psr-4": {
                    "FacebookAds\\": "src/FacebookAds/"
                }
            },
            "notification-url": "https://packagist.org/downloads/",
            "description": "PHP SDK for Facebook Business",
            "homepage": "https://developers.facebook.com/",
            "keywords": [
                "ads",
                "business",
                "facebook",
                "instagram",
                "page",
                "sdk"
            ],
            "time": "2019-08-28T21:49:17+00:00"
        }
    ],
    "packages-dev": [],
    "aliases": [],
    "minimum-stability": "stable",
    "stability-flags": [],
    "prefer-stable": false,
    "prefer-lowest": false,
    "platform": [],
    "platform-dev": []
}
